github.com/google/uuid v1.6.0 h1:NIvaJDMOsjHA8n1jAhLSgzrAzy1Hgr+hNrb57e+94F0=
github.com/google/uuid v1.6.0/go.mod h1:TIyPZe4MgqvfeYDBFedMoGGpEw/LqOeaOT+nhxU+yHo=
github.com/jepsen-io/maelstrom/demo/go v0.0.0-20241204184542-016086a90274 h1:9LCa2oSy5cFlAN3a1ZzLyGt7Jhj24yqKddtaei3skAw=
github.com/jepsen-io/maelstrom/demo/go v0.0.0-20241204184542-016086a90274/go.mod h1:i6aVIs5AIOOaQF1lAisBm7DDeWM1Iopf+26UxjagsCU=
